{
  "nodes": {
    "blueprint": {
      "inputs": {
        "nixpkgs": [
          "llm-agents",
          "nixpkgs"
        ],
        "systems": "systems"
      },
      "locked": {
        "lastModified": 1771437256,
        "narHash": "sha256-bLqwib+rtyBRRVBWhMuBXPCL/OThfokA+j6+uH7jDGU=",
        "owner": "numtide",
        "repo": "blueprint",
        "rev": "06ee7190dc2620ea98af9eb225aa9627b68b0e33",
        "type": "github"
      },
      "original": {
        "owner": "numtide",
        "repo": "blueprint",
        "type": "github"
      }
    },
    "crane": {
      "locked": {
        "lastModified": 1771121070,
        "narHash": "sha256-aIlv7FRXF9q70DNJPI237dEDAznSKaXmL5lfK/Id/bI=",
        "owner": "ipetkov",
        "repo": "crane",
        "rev": "a2812c19f1ed2e5ed5ce2ef7109798b575c180e1",
        "type": "github"
      },
      "original": {
        "owner": "ipetkov",
        "repo": "crane",
        "type": "github"
      }
    },
    "dankmaterialshell": {
      "inputs": {
        "nixpkgs": [
          "nixpkgs"
        ],
        "quickshell": "quickshell"
      },
      "locked": {
        "lastModified": 1771820800,
        "narHash": "sha256-CU7nlKpelST2oDi00y746iIlBJMQvpDiMbjO77yH2qM=",
        "owner": "AvengeMedia",
        "repo": "DankMaterialShell",
        "rev": "912e3bdfce29147e280babcc831ccb93a1583ee8",
        "type": "github"
      },
      "original": {
        "owner": "AvengeMedia",
        "repo": "DankMaterialShell",
        "type": "github"
      }
    },
    "dms-plugin-registry": {
      "inputs": {
        "nixpkgs": [
          "nixpkgs"
        ]
      },
      "locked": {
        "lastModified": 1771809371,
        "narHash": "sha256-38P/4hxWwzt3SEm6s+fIe1PYq6zsFgJ31TrddU0tkSg=",
        "owner": "AvengeMedia",
        "repo": "dms-plugin-registry",
        "rev": "1787d303a68c5c7ba67fafc8e8d0a21b4b0107f3",
        "type": "github"
      },
      "original": {
        "owner": "AvengeMedia",
        "repo": "dms-plugin-registry",
        "type": "github"
      }
    },
    "flake-compat": {
      "flake": false,
      "locked": {
        "lastModified": 1767039857,
        "narHash": "sha256-vNpUSpF5Nuw8xvDLj2KCwwksIbjua2LZCqhV1LNRDns=",
        "owner": "NixOS",
        "repo": "flake-compat",
        "rev": "5edf11c44bc78a0d334f6334cdaf7d60d732daab",
        "type": "github"
      },
      "original": {
        "owner": "NixOS",
        "repo": "flake-compat",
        "type": "github"
      }
    },
    "flake-parts": {
      "inputs": {
        "nixpkgs-lib": [
          "nur",
          "nixpkgs"
        ]
      },
      "locked": {
        "lastModified": 1733312601,
        "narHash": "sha256-4pDvzqnegAfRkPwO3wmwBhVi/Sye1mzps0zHWYnP88c=",
        "owner": "hercules-ci",
        "repo": "flake-parts",
        "rev": "205b12d8b7cd4802fbcb8e8ef6a0f1408781a4f9",
        "type": "github"
      },
      "original": {
        "owner": "hercules-ci",
        "repo": "flake-parts",
        "type": "github"
      }
    },
    "gitignore": {
      "inputs": {
        "nixpkgs": [
          "lanzaboote",
          "pre-commit",
          "nixpkgs"
        ]
      },
      "locked": {
        "lastModified": 1709087332,
        "narHash": "sha256-HG2cCnktfHsKV0s4XW83gU3F57gaTljL9KNSuG6bnQs=",
        "owner": "hercules-ci",
        "repo": "gitignore.nix",
        "rev": "637db329424fd7e46cf4185293b9cc8c88c95394",
        "type": "github"
      },
      "original": {
        "owner": "hercules-ci",
        "repo": "gitignore.nix",
        "type": "github"
      }
    },
    "home-manager": {
      "inputs": {
        "nixpkgs": [
          "nixpkgs"
        ]
      },
      "locked": {
        "lastModified": 1771756436,
        "narHash": "sha256-Tl2I0YXdhSTufGqAaD1ySh8x+cvVsEI1mJyJg12lxhI=",
        "owner": "nix-community",
        "repo": "home-manager",
        "rev": "5bd3589390b431a63072868a90c0f24771ff4cbb",
        "type": "github"
      },
      "original": {
        "owner": "nix-community",
        "repo": "home-manager",
        "type": "github"
      }
    },
    "lanzaboote": {
      "inputs": {
        "crane": "crane",
        "nixpkgs": [
          "nixpkgs"
        ],
        "pre-commit": "pre-commit",
        "rust-overlay": "rust-overlay"
      },
      "locked": {
        "lastModified": 1771492583,
        "narHash": "sha256-nQzvnU4BGu8dA6BsPPCqmVcab/3ebVmHtX3ZWbW3Hxc=",
        "owner": "nix-community",
        "repo": "lanzaboote",
        "rev": "5e9380994665ef66c87ab8e22c913ff837174ce4",
        "type": "github"
      },
      "original": {
        "owner": "nix-community",
        "repo": "lanzaboote",
        "type": "github"
      }
    },
    "llm-agents": {
      "inputs": {
        "blueprint": "blueprint",
        "nixpkgs": [
          "nixpkgs"
        ],
        "treefmt-nix": "treefmt-nix"
      },
      "locked": {
        "lastModified": 1771816560,
        "narHash": "sha256-q5Wsb1573qDfIPJctG9CBZP0NMniejoB7SmBLZIVAHg=",
        "owner": "numtide",
        "repo": "llm-agents.nix",
        "rev": "db94a329058a1a37b49d3209af85708b3338559a",
        "type": "github"
      },
      "original": {
        "owner": "numtide",
        "repo": "llm-agents.nix",
        "type": "github"
      }
    },
    "nixpkgs": {
      "locked": {
        "lastModified": 1771369470,
        "narHash": "sha256-0NBlEBKkN3lufyvFegY4TYv5mCNHbi5OmBDrzihbBMQ=",
        "owner": "nixos",
        "repo": "nixpkgs",
        "rev": "0182a361324364ae3f436a63005877674cf45efb",
        "type": "github"
      },
      "original": {
        "owner": "nixos",
        "ref": "nixos-unstable",
        "repo": "nixpkgs",
        "type": "github"
      }
    },
    "nur": {
      "inputs": {
        "flake-parts": "flake-parts",
        "nixpkgs": [
          "nixpkgs"
        ]
      },
      "locked": {
        "lastModified": 1771821314,
        "narHash": "sha256-E3kcvUUgzwVFuxXcsOQoCuPvVNfiz7rUdJfq2880xGc=",
        "owner": "nix-community",
        "repo": "NUR",
        "rev": "69fc169514f888578ee2a68954c95add2ddcbc7c",
        "type": "github"
      },
      "original": {
        "owner": "nix-community",
        "repo": "NUR",
        "type": "github"
      }
    },
    "pre-commit": {
      "inputs": {
        "flake-compat": "flake-compat",
        "gitignore": "gitignore",
        "nixpkgs": [
          "lanzaboote",
          "nixpkgs"
        ]
      },
      "locked": {
        "lastModified": 1770726378,
        "narHash": "sha256-kck+vIbGOaM/dHea7aTBxdFYpeUl/jHOy5W3eyRvVx8=",
        "owner": "cachix",
        "repo": "pre-commit-hooks.nix",
        "rev": "5eaaedde414f6eb1aea8b8525c466dc37bba95ae",
        "type": "github"
      },
      "original": {
        "owner": "cachix",
        "repo": "pre-commit-hooks.nix",
        "type": "github"
      }
    },
    "quickshell": {
      "inputs": {
        "nixpkgs": [
          "dankmaterialshell",
          "nixpkgs"
        ]
      },
      "locked": {
        "lastModified": 1766725085,
        "narHash": "sha256-O2aMFdDUYJazFrlwL7aSIHbUSEm3ADVZjmf41uBJfHs=",
        "ref": "refs/heads/master",
        "rev": "41828c4180fb921df7992a5405f5ff05d2ac2fff",
        "revCount": 715,
        "type": "git",
        "url": "https://git.outfoxxed.me/quickshell/quickshell"
      },
      "original": {
        "rev": "41828c4180fb921df7992a5405f5ff05d2ac2fff",
        "type": "git",
        "url": "https://git.outfoxxed.me/quickshell/quickshell"
      }
    },
    "quickshell_2": {
      "inputs": {
        "nixpkgs": [
          "nixpkgs"
        ]
      },
      "locked": {
        "lastModified": 1771817246,
        "narHash": "sha256-+Mgk7xgpON4debit0oVSyRqWfMr8z0MRLTiwDAcRDHQ=",
        "ref": "refs/heads/master",
        "rev": "158db16b931d04b43ec84748ee49390ea9f7c3f8",
        "revCount": 738,
        "type": "git",
        "url": "https://git.outfoxxed.me/quickshell/quickshell"
      },
      "original": {
        "type": "git",
        "url": "https://git.outfoxxed.me/quickshell/quickshell"
      }
    },
    "root": {
      "inputs": {
        "dankmaterialshell": "dankmaterialshell",
        "dms-plugin-registry": "dms-plugin-registry",
        "home-manager": "home-manager",
        "lanzaboote": "lanzaboote",
        "llm-agents": "llm-agents",
        "nixpkgs": "nixpkgs",
        "nur": "nur",
        "quickshell": "quickshell_2",
        "sops-nix": "sops-nix"
      }
    },
    "rust-overlay": {
      "inputs": {
        "nixpkgs": [
          "lanzaboote",
          "nixpkgs"
        ]
      },
      "locked": {
        "lastModified": 1771125043,
        "narHash": "sha256-ldf/s49n6rOAxl7pYLJGGS1N/assoHkCOWdEdLyNZkc=",
        "owner": "oxalica",
        "repo": "rust-overlay",
        "rev": "4912f951a26dc8142b176be2c2ad834319dc06e8",
        "type": "github"
      },
      "original": {
        "owner": "oxalica",
        "repo": "rust-overlay",
        "type": "github"
      }
    },
    "sops-nix": {
      "inputs": {
        "nixpkgs": [
          "nixpkgs"
        ]
      },
      "locked": {
        "lastModified": 1771735105,
        "narHash": "sha256-MJuVJeszZEziquykEHh/hmgIHYxUcuoG/1aowpLiSeU=",
        "owner": "Mic92",
        "repo": "sops-nix",
        "rev": "d7755d820f5fa8acf7f223309c33e25d4f92e74f",
        "type": "github"
      },
      "original": {
        "owner": "Mic92",
        "repo": "sops-nix",
        "type": "github"
      }
    },
    "systems": {
      "locked": {
        "lastModified": 1681028828,
        "narHash": "sha256-Vy1rq5AaRuLzOxct8nz4T6wlgyUR7zLU309k9mBC768=",
        "owner": "nix-systems",
        "repo": "default",
        "rev": "da67096a3b9bf56a91d16901293e51ba5b49a27e",
        "type": "github"
      },
      "original": {
        "owner": "nix-systems",
        "repo": "default",
        "type": "github"
      }
    },
    "treefmt-nix": {
      "inputs": {
        "nixpkgs": [
          "llm-agents",
          "nixpkgs"
        ]
      },
      "locked": {
        "lastModified": 1770228511,
        "narHash": "sha256-wQ6NJSuFqAEmIg2VMnLdCnUc0b7vslUohqqGGD+Fyxk=",
        "owner": "numtide",
        "repo": "treefmt-nix",
        "rev": "337a4fe074be1042a35086f15481d763b8ddc0e7",
        "type": "github"
      },
      "original": {
        "owner": "numtide",
        "repo": "treefmt-nix",
        "type": "github"
      }
    }
  },
  "root": "root",
  "version": 7
}
